
Microsoft Visual Studio Solution File, Format Version 12.00
# Visual Studio 15
VisualStudioVersion = 15.0.28307.779
MinimumVisualStudioVersion = 10.0.40219.1
Project("{9A19103F-16F7-4668-BE54-9A1E7A4F7556}") = "JsonDict", "JsonDict\JsonDict.csproj", "{D2FF337B-D0BC-407F-8FF6-4D47272A1CAA}"
EndProject
Project("{9A19103F-16F7-4668-BE54-9A1E7A4F7556}") = "LogTools", "LogTools\LogTools.csproj", "{7898A95D-D444-4DD9-9452-5BB05B73F85E}"
EndProject
Project("{FAE04EC0-301F-11D3-BF4B-00C04F79EFBC}") = "Executor", "Executor\Executor.csproj", "{5C6A3E79-E964-4AC2-979C-4212BF6B4094}"
EndProject
Project("{FAE04EC0-301F-11D3-BF4B-00C04F79EFBC}") = "Executor-sample", "Executor-sample\Executor-sample.csproj", "{01B29FE1-8C51-4F66-9B5B-F1E00A742A42}"
EndProject
Global
	GlobalSection(SolutionConfigurationPlatforms) = preSolution
		Debug|Any CPU = Debug|Any CPU
		Release|Any CPU = Release|Any CPU
	EndGlobalSection
	GlobalSection(ProjectConfigurationPlatforms) = postSolution
		{D2FF337B-D0BC-407F-8FF6-4D47272A1CAA}.Debug|Any CPU.ActiveCfg = Debug|Any CPU
		{D2FF337B-D0BC-407F-8FF6-4D47272A1CAA}.Debug|Any CPU.Build.0 = Debug|Any CPU
		{D2FF337B-D0BC-407F-8FF6-4D47272A1CAA}.Release|Any CPU.ActiveCfg = Release|Any CPU
		{D2FF337B-D0BC-407F-8FF6-4D47272A1CAA}.Release|Any CPU.Build.0 = Release|Any CPU
		{7898A95D-D444-4DD9-9452-5BB05B73F85E}.Debug|Any CPU.ActiveCfg = Debug|Any CPU
		{7898A95D-D444-4DD9-9452-5BB05B73F85E}.Debug|Any CPU.Build.0 = Debug|Any CPU
		{7898A95D-D444-4DD9-9452-5BB05B73F85E}.Release|Any CPU.ActiveCfg = Release|Any CPU
		{7898A95D-D444-4DD9-9452-5BB05B73F85E}.Release|Any CPU.Build.0 = Release|Any CPU
		{5C6A3E79-E964-4AC2-979C-4212BF6B4094}.Debug|Any CPU.ActiveCfg = Debug|Any CPU
		{5C6A3E79-E964-4AC2-979C-4212BF6B4094}.Debug|Any CPU.Build.0 = Debug|Any CPU
		{5C6A3E79-E964-4AC2-979C-4212BF6B4094}.Release|Any CPU.ActiveCfg = Release|Any CPU
		{5C6A3E79-E964-4AC2-979C-4212BF6B4094}.Release|Any CPU.Build.0 = Release|Any CPU
		{01B29FE1-8C51-4F66-9B5B-F1E00A742A42}.Debug|Any CPU.ActiveCfg = Debug|Any CPU
		{01B29FE1-8C51-4F66-9B5B-F1E00A742A42}.Debug|Any CPU.Build.0 = Debug|Any CPU
		{01B29FE1-8C51-4F66-9B5B-F1E00A742A42}.Release|Any CPU.ActiveCfg = Release|Any CPU
		{01B29FE1-8C51-4F66-9B5B-F1E00A742A42}.Release|Any CPU.Build.0 = Release|Any CPU
	EndGlobalSection
	GlobalSection(SolutionProperties) = preSolution
		HideSolutionNode = FALSE
	EndGlobalSection
	GlobalSection(ExtensibilityGlobals) = postSolution
		SolutionGuid = {16323D76-1672-4B7C-B43D-25F5B28BE7F0}
	EndGlobalSection
EndGlobal
