
Microsoft Visual Studio Solution File, Format Version 12.00
# Visual Studio 15
VisualStudioVersion = 15.0.28307.779
MinimumVisualStudioVersion = 10.0.40219.1
Project("{9A19103F-16F7-4668-BE54-9A1E7A4F7556}") = "JsonDict", "JsonDict\JsonDict.csproj", "{D2FF337B-D0BC-407F-8FF6-4D47272A1CAA}"
EndProject
Project("{9A19103F-16F7-4668-BE54-9A1E7A4F7556}") = "LogTools", "LogTools\LogTools.csproj", "{7898A95D-D444-4DD9-9452-5BB05B73F85E}"
EndProject
Project("{9A19103F-16F7-4668-BE54-9A1E7A4F7556}") = "Executor", "Executor\Executor.csproj", "{5C6A3E79-E964-4AC2-979C-4212BF6B4094}"
EndProject
Project("{9A19103F-16F7-4668-BE54-9A1E7A4F7556}") = "Executor-sample", "Executor-sample\Executor-sample.csproj", "{01B29FE1-8C51-4F66-9B5B-F1E00A742A42}"
EndProject
Project("{9A19103F-16F7-4668-BE54-9A1E7A4F7556}") = "JsonToEntity", "JsonToEntity\JsonToEntity.csproj", "{08A0A88C-28D2-44FB-A930-55AF078C3353}"
EndProject
Project("{9A19103F-16F7-4668-BE54-9A1E7A4F7556}") = "JsonToEntity-Console", "JsonToEntity-Console\JsonToEntity-Console.csproj", "{B79CE733-CC16-4096-A63B-A9EC9C26DADB}"
EndProject
Project("{FAE04EC0-301F-11D3-BF4B-00C04F79EFBC}") = "JsonToClass.Core", "JsonToClass.Core\JsonToClass.Core.csproj", "{3D8E3CA6-3063-4652-824E-F28235459F04}"
EndProject
Project("{FAE04EC0-301F-11D3-BF4B-00C04F79EFBC}") = "JsonToClass-Console", "JsonToClass-Console\JsonToClass-Console.csproj", "{B43E547C-90CF-428D-B857-1B2BD36ED5C1}"
EndProject
Global
	GlobalSection(SolutionConfigurationPlatforms) = preSolution
		Debug|Any CPU = Debug|Any CPU
		Release|Any CPU = Release|Any CPU
	EndGlobalSection
	GlobalSection(ProjectConfigurationPlatforms) = postSolution
		{D2FF337B-D0BC-407F-8FF6-4D47272A1CAA}.Debug|Any CPU.ActiveCfg = Debug|Any CPU
		{D2FF337B-D0BC-407F-8FF6-4D47272A1CAA}.Debug|Any CPU.Build.0 = Debug|Any CPU
		{D2FF337B-D0BC-407F-8FF6-4D47272A1CAA}.Release|Any CPU.ActiveCfg = Release|Any CPU
		{D2FF337B-D0BC-407F-8FF6-4D47272A1CAA}.Release|Any CPU.Build.0 = Release|Any CPU
		{7898A95D-D444-4DD9-9452-5BB05B73F85E}.Debug|Any CPU.ActiveCfg = Debug|Any CPU
		{7898A95D-D444-4DD9-9452-5BB05B73F85E}.Debug|Any CPU.Build.0 = Debug|Any CPU
		{7898A95D-D444-4DD9-9452-5BB05B73F85E}.Release|Any CPU.ActiveCfg = Release|Any CPU
		{7898A95D-D444-4DD9-9452-5BB05B73F85E}.Release|Any CPU.Build.0 = Release|Any CPU
		{5C6A3E79-E964-4AC2-979C-4212BF6B4094}.Debug|Any CPU.ActiveCfg = Debug|Any CPU
		{5C6A3E79-E964-4AC2-979C-4212BF6B4094}.Debug|Any CPU.Build.0 = Debug|Any CPU
		{5C6A3E79-E964-4AC2-979C-4212BF6B4094}.Release|Any CPU.ActiveCfg = Release|Any CPU
		{5C6A3E79-E964-4AC2-979C-4212BF6B4094}.Release|Any CPU.Build.0 = Release|Any CPU
		{01B29FE1-8C51-4F66-9B5B-F1E00A742A42}.Debug|Any CPU.ActiveCfg = Debug|Any CPU
		{01B29FE1-8C51-4F66-9B5B-F1E00A742A42}.Debug|Any CPU.Build.0 = Debug|Any CPU
		{01B29FE1-8C51-4F66-9B5B-F1E00A742A42}.Release|Any CPU.ActiveCfg = Release|Any CPU
		{01B29FE1-8C51-4F66-9B5B-F1E00A742A42}.Release|Any CPU.Build.0 = Release|Any CPU
		{08A0A88C-28D2-44FB-A930-55AF078C3353}.Debug|Any CPU.ActiveCfg = Debug|Any CPU
		{08A0A88C-28D2-44FB-A930-55AF078C3353}.Debug|Any CPU.Build.0 = Debug|Any CPU
		{08A0A88C-28D2-44FB-A930-55AF078C3353}.Release|Any CPU.ActiveCfg = Release|Any CPU
		{08A0A88C-28D2-44FB-A930-55AF078C3353}.Release|Any CPU.Build.0 = Release|Any CPU
		{B79CE733-CC16-4096-A63B-A9EC9C26DADB}.Debug|Any CPU.ActiveCfg = Debug|Any CPU
		{B79CE733-CC16-4096-A63B-A9EC9C26DADB}.Debug|Any CPU.Build.0 = Debug|Any CPU
		{B79CE733-CC16-4096-A63B-A9EC9C26DADB}.Release|Any CPU.ActiveCfg = Release|Any CPU
		{B79CE733-CC16-4096-A63B-A9EC9C26DADB}.Release|Any CPU.Build.0 = Release|Any CPU
		{3D8E3CA6-3063-4652-824E-F28235459F04}.Debug|Any CPU.ActiveCfg = Debug|Any CPU
		{3D8E3CA6-3063-4652-824E-F28235459F04}.Debug|Any CPU.Build.0 = Debug|Any CPU
		{3D8E3CA6-3063-4652-824E-F28235459F04}.Release|Any CPU.ActiveCfg = Release|Any CPU
		{3D8E3CA6-3063-4652-824E-F28235459F04}.Release|Any CPU.Build.0 = Release|Any CPU
		{B43E547C-90CF-428D-B857-1B2BD36ED5C1}.Debug|Any CPU.ActiveCfg = Debug|Any CPU
		{B43E547C-90CF-428D-B857-1B2BD36ED5C1}.Debug|Any CPU.Build.0 = Debug|Any CPU
		{B43E547C-90CF-428D-B857-1B2BD36ED5C1}.Release|Any CPU.ActiveCfg = Release|Any CPU
		{B43E547C-90CF-428D-B857-1B2BD36ED5C1}.Release|Any CPU.Build.0 = Release|Any CPU
	EndGlobalSection
	GlobalSection(SolutionProperties) = preSolution
		HideSolutionNode = FALSE
	EndGlobalSection
	GlobalSection(ExtensibilityGlobals) = postSolution
		SolutionGuid = {16323D76-1672-4B7C-B43D-25F5B28BE7F0}
	EndGlobalSection
EndGlobal
